
Microsoft Visual Studio Solution File, Format Version 12.00
# Visual Studio Version 16
VisualStudioVersion = 16.0.29709.97
MinimumVisualStudioVersion = 10.0.40219.1
Project("{FAE04EC0-301F-11D3-BF4B-00C04F79EFBC}") = "RazorCRUD", "RazorCRUD.csproj", "{F1BE8BD5-BE1E-48BF-A329-2D16B62367EA}"
EndProject
Global
	GlobalSection(SolutionConfigurationPlatforms) = preSolution
		Debug|Any CPU = Debug|Any CPU
		Release|Any CPU = Release|Any CPU
	EndGlobalSection
	GlobalSection(ProjectConfigurationPlatforms) = postSolution
		{F1BE8BD5-BE1E-48BF-A329-2D16B62367EA}.Debug|Any CPU.ActiveCfg = Debug|Any CPU
		{F1BE8BD5-BE1E-48BF-A329-2D16B62367EA}.Debug|Any CPU.Build.0 = Debug|Any CPU
		{F1BE8BD5-BE1E-48BF-A329-2D16B62367EA}.Release|Any CPU.ActiveCfg = Release|Any CPU
		{F1BE8BD5-BE1E-48BF-A329-2D16B62367EA}.Release|Any CPU.Build.0 = Release|Any CPU
	EndGlobalSection
	GlobalSection(SolutionProperties) = preSolution
		HideSolutionNode = FALSE
	EndGlobalSection
	GlobalSection(ExtensibilityGlobals) = postSolution
		SolutionGuid = {E06F7906-077E-4968-946F-F5C233C34A6B}
	EndGlobalSection
EndGlobal
